
Microsoft Visual Studio Solution File, Format Version 12.00
# Visual Studio Version 17
VisualStudioVersion = 17.5.002.0
MinimumVisualStudioVersion = 10.0.40219.1
Project("{2150E333-8FDC-42A3-9474-1A3956D46DE8}") = "src", "src", "{168AD63F-2308-4A87-B449-F5F7011E6914}"
EndProject
Project("{9A19103F-16F7-4668-BE54-9A1E7A4F7556}") = "GameStore.Api", "src\GameStore.Api\GameStore.Api.csproj", "{D57D95CB-B2BA-485C-9397-AF6E2B4571DE}"
EndProject
Project("{FAE04EC0-301F-11D3-BF4B-00C04F79EFBC}") = "GameStore.ServiceDefaults", "src\GameStore.ServiceDefaults\GameStore.ServiceDefaults.csproj", "{C9F46F0A-E045-4B34-ADBD-D79151001DCF}"
EndProject
Project("{FAE04EC0-301F-11D3-BF4B-00C04F79EFBC}") = "GameStore.AppHost", "src\GameStore.AppHost\GameStore.AppHost.csproj", "{75767CCA-C5A7-4E19-8790-6F7012F788C9}"
EndProject
Project("{FAE04EC0-301F-11D3-BF4B-00C04F79EFBC}") = "StripeCLI.Hosting", "src\StripeCLI.Hosting\StripeCLI.Hosting.csproj", "{39FAC3C6-6F39-4A40-A985-F18DD2F3D3EB}"
EndProject
Project("{FAE04EC0-301F-11D3-BF4B-00C04F79EFBC}") = "GameStore.Contracts", "src\GameStore.Contracts\GameStore.Contracts.csproj", "{CC918B58-4C48-4A24-AD2D-EA0F9702F6EA}"
EndProject
Project("{FAE04EC0-301F-11D3-BF4B-00C04F79EFBC}") = "GameStore.Data", "src\GameStore.Data\GameStore.Data.csproj", "{2873A466-7FED-478A-9D4D-390645B714CB}"
EndProject
Project("{FAE04EC0-301F-11D3-BF4B-00C04F79EFBC}") = "GameStore.Worker", "src\GameStore.Worker\GameStore.Worker.csproj", "{AE9F74D3-435C-4765-B7F1-3359D0CEF38A}"
EndProject
Global
	GlobalSection(SolutionConfigurationPlatforms) = preSolution
		Debug|Any CPU = Debug|Any CPU
		Release|Any CPU = Release|Any CPU
	EndGlobalSection
	GlobalSection(ProjectConfigurationPlatforms) = postSolution
		{D57D95CB-B2BA-485C-9397-AF6E2B4571DE}.Debug|Any CPU.ActiveCfg = Debug|Any CPU
		{D57D95CB-B2BA-485C-9397-AF6E2B4571DE}.Debug|Any CPU.Build.0 = Debug|Any CPU
		{D57D95CB-B2BA-485C-9397-AF6E2B4571DE}.Release|Any CPU.ActiveCfg = Release|Any CPU
		{D57D95CB-B2BA-485C-9397-AF6E2B4571DE}.Release|Any CPU.Build.0 = Release|Any CPU
		{C9F46F0A-E045-4B34-ADBD-D79151001DCF}.Debug|Any CPU.ActiveCfg = Debug|Any CPU
		{C9F46F0A-E045-4B34-ADBD-D79151001DCF}.Debug|Any CPU.Build.0 = Debug|Any CPU
		{C9F46F0A-E045-4B34-ADBD-D79151001DCF}.Release|Any CPU.ActiveCfg = Release|Any CPU
		{C9F46F0A-E045-4B34-ADBD-D79151001DCF}.Release|Any CPU.Build.0 = Release|Any CPU
		{75767CCA-C5A7-4E19-8790-6F7012F788C9}.Debug|Any CPU.ActiveCfg = Debug|Any CPU
		{75767CCA-C5A7-4E19-8790-6F7012F788C9}.Debug|Any CPU.Build.0 = Debug|Any CPU
		{75767CCA-C5A7-4E19-8790-6F7012F788C9}.Release|Any CPU.ActiveCfg = Release|Any CPU
		{75767CCA-C5A7-4E19-8790-6F7012F788C9}.Release|Any CPU.Build.0 = Release|Any CPU
		{39FAC3C6-6F39-4A40-A985-F18DD2F3D3EB}.Debug|Any CPU.ActiveCfg = Debug|Any CPU
		{39FAC3C6-6F39-4A40-A985-F18DD2F3D3EB}.Debug|Any CPU.Build.0 = Debug|Any CPU
		{39FAC3C6-6F39-4A40-A985-F18DD2F3D3EB}.Release|Any CPU.ActiveCfg = Release|Any CPU
		{39FAC3C6-6F39-4A40-A985-F18DD2F3D3EB}.Release|Any CPU.Build.0 = Release|Any CPU
		{CC918B58-4C48-4A24-AD2D-EA0F9702F6EA}.Debug|Any CPU.ActiveCfg = Debug|Any CPU
		{CC918B58-4C48-4A24-AD2D-EA0F9702F6EA}.Debug|Any CPU.Build.0 = Debug|Any CPU
		{CC918B58-4C48-4A24-AD2D-EA0F9702F6EA}.Release|Any CPU.ActiveCfg = Release|Any CPU
		{CC918B58-4C48-4A24-AD2D-EA0F9702F6EA}.Release|Any CPU.Build.0 = Release|Any CPU
		{2873A466-7FED-478A-9D4D-390645B714CB}.Debug|Any CPU.ActiveCfg = Debug|Any CPU
		{2873A466-7FED-478A-9D4D-390645B714CB}.Debug|Any CPU.Build.0 = Debug|Any CPU
		{2873A466-7FED-478A-9D4D-390645B714CB}.Release|Any CPU.ActiveCfg = Release|Any CPU
		{2873A466-7FED-478A-9D4D-390645B714CB}.Release|Any CPU.Build.0 = Release|Any CPU
		{AE9F74D3-435C-4765-B7F1-3359D0CEF38A}.Debug|Any CPU.ActiveCfg = Debug|Any CPU
		{AE9F74D3-435C-4765-B7F1-3359D0CEF38A}.Debug|Any CPU.Build.0 = Debug|Any CPU
		{AE9F74D3-435C-4765-B7F1-3359D0CEF38A}.Release|Any CPU.ActiveCfg = Release|Any CPU
		{AE9F74D3-435C-4765-B7F1-3359D0CEF38A}.Release|Any CPU.Build.0 = Release|Any CPU
	EndGlobalSection
	GlobalSection(SolutionProperties) = preSolution
		HideSolutionNode = FALSE
	EndGlobalSection
	GlobalSection(NestedProjects) = preSolution
		{D57D95CB-B2BA-485C-9397-AF6E2B4571DE} = {168AD63F-2308-4A87-B449-F5F7011E6914}
		{C9F46F0A-E045-4B34-ADBD-D79151001DCF} = {168AD63F-2308-4A87-B449-F5F7011E6914}
		{75767CCA-C5A7-4E19-8790-6F7012F788C9} = {168AD63F-2308-4A87-B449-F5F7011E6914}
		{39FAC3C6-6F39-4A40-A985-F18DD2F3D3EB} = {168AD63F-2308-4A87-B449-F5F7011E6914}
		{CC918B58-4C48-4A24-AD2D-EA0F9702F6EA} = {168AD63F-2308-4A87-B449-F5F7011E6914}
		{2873A466-7FED-478A-9D4D-390645B714CB} = {168AD63F-2308-4A87-B449-F5F7011E6914}
		{AE9F74D3-435C-4765-B7F1-3359D0CEF38A} = {168AD63F-2308-4A87-B449-F5F7011E6914}
	EndGlobalSection
	GlobalSection(ExtensibilityGlobals) = postSolution
		SolutionGuid = {FDCC0541-3B8B-4CDC-92DE-2E3AF423C312}
	EndGlobalSection
EndGlobal
